PODS:
  - MBProgressHUD (0.9.1)
  - MJExtension (0.2.0)
  - MJRefresh (1.4.0)
  - SDWebImage (3.7.2):
    - SDWebImage/Core (= 3.7.2)
  - SDWebImage/Core (3.7.2)
  - UIView+AutoLayout (2.0.1)

DEPENDENCIES:
  - MBProgressHUD
  - MJExtension
  - MJRefresh
  - SDWebImage
  - UIView+AutoLayout

SPEC CHECKSUMS:
  MBProgressHUD: f3747dcbd45a9e855a6b0674550651e0b7ed250c
  MJExtension: 4d179914dbec2b6ca826f8296181fc1d4013781e
  MJRefresh: 85e093e1986091e4930c027b709cbd2b764e6866
  SDWebImage: 71b7cdc1d1721d6a82ed62889030225f2c249e29
  UIView+AutoLayout: d876c583c3dec28b5c3916175ea4b6ad70a8be34

COCOAPODS: 0.35.0
